
Microsoft Visual Studio Solution File, Format Version 12.00
# Visual Studio Version 16
VisualStudioVersion = 16.0.33801.447
MinimumVisualStudioVersion = 10.0.40219.1
Project("{F184B08F-C81C-45F6-A57F-5ABD9991F28F}") = "WoW-Turk-s-Launcher", "WoW-Turk-s-Launcher.vbproj", "{0F1ABE8C-3972-4179-91F9-E479822A36E8}"
EndProject
Global
	GlobalSection(SolutionConfigurationPlatforms) = preSolution
		Debug|Any CPU = Debug|Any CPU
		Release|Any CPU = Release|Any CPU
	EndGlobalSection
	GlobalSection(ProjectConfigurationPlatforms) = postSolution
		{0F1ABE8C-3972-4179-91F9-E479822A36E8}.Debug|Any CPU.ActiveCfg = Debug|Any CPU
		{0F1ABE8C-3972-4179-91F9-E479822A36E8}.Debug|Any CPU.Build.0 = Debug|Any CPU
		{0F1ABE8C-3972-4179-91F9-E479822A36E8}.Release|Any CPU.ActiveCfg = Release|Any CPU
		{0F1ABE8C-3972-4179-91F9-E479822A36E8}.Release|Any CPU.Build.0 = Release|Any CPU
	EndGlobalSection
	GlobalSection(SolutionProperties) = preSolution
		HideSolutionNode = FALSE
	EndGlobalSection
	GlobalSection(ExtensibilityGlobals) = postSolution
		SolutionGuid = {4AE1177E-99DE-43DB-9EB1-B80F2F9B7762}
	EndGlobalSection
EndGlobal
